uuid: d8643a45-8ad1-4c69-8dac-d9a838fc75f5
langcode: en
status: true
dependencies:
  content:
    - 'block_content:basic:3932fe2e-4de6-4489-b104-5ee8e56557ed'
  module:
    - block_content
    - system
  theme:
    - riverside
id: riverside_memberblock
theme: riverside
region: content
weight: 0
provider: null
plugin: 'block_content:3932fe2e-4de6-4489-b104-5ee8e56557ed'
settings:
  id: 'block_content:3932fe2e-4de6-4489-b104-5ee8e56557ed'
  label: 'Member block'
  label_display: '0'
  provider: block_content
  status: true
  info: ''
  view_mode: full
visibility:
  request_path:
    id: request_path
    negate: false
    pages: /programs
